
Microsoft Visual Studio Solution File, Format Version 12.00
# Visual Studio 15
VisualStudioVersion = 15.0.28307.779
MinimumVisualStudioVersion = 10.0.40219.1
Project("{FAE04EC0-301F-11D3-BF4B-00C04F79EFBC}") = "TeleGramBot_Scheduler", "TeleGramBot_Scheduler\TeleGramBot_Scheduler.csproj", "{A7BC7FCE-AB7A-4403-8558-59E68E571198}"
EndProject
Global
	GlobalSection(SolutionConfigurationPlatforms) = preSolution
		Debug|Any CPU = Debug|Any CPU
		Release|Any CPU = Release|Any CPU
	EndGlobalSection
	GlobalSection(ProjectConfigurationPlatforms) = postSolution
		{A7BC7FCE-AB7A-4403-8558-59E68E571198}.Debug|Any CPU.ActiveCfg = Debug|Any CPU
		{A7BC7FCE-AB7A-4403-8558-59E68E571198}.Debug|Any CPU.Build.0 = Debug|Any CPU
		{A7BC7FCE-AB7A-4403-8558-59E68E571198}.Release|Any CPU.ActiveCfg = Release|Any CPU
		{A7BC7FCE-AB7A-4403-8558-59E68E571198}.Release|Any CPU.Build.0 = Release|Any CPU
	EndGlobalSection
	GlobalSection(SolutionProperties) = preSolution
		HideSolutionNode = FALSE
	EndGlobalSection
	GlobalSection(ExtensibilityGlobals) = postSolution
		SolutionGuid = {2A632CD2-C068-4C2B-8F95-246A02EB11A7}
	EndGlobalSection
EndGlobal
